{
  "originHash" : "8a168060c6412efc592cc9c668f00ae547a817899c23c4ff904d9e29132672ba",
  "pins" : [
    {
      "identity" : "swiftessentials",
      "kind" : "remoteSourceControl",
      "location" : "https://github.com/codemostUK/SwiftEssentials.git",
      "state" : {
        "revision" : "c1b055cdba92df97149e44b7f58f46a03dc07810",
        "version" : "1.0.9"
      }
    }
  ],
  "version" : 3
}
